
Microsoft Visual Studio Solution File, Format Version 12.00
# Visual Studio Version 17
VisualStudioVersion = 17.7.34031.279
MinimumVisualStudioVersion = 10.0.40219.1
Project("{9A19103F-16F7-4668-BE54-9A1E7A4F7556}") = "laba1_3_sem", "laba 1 3 sem\laba1_3_sem.csproj", "{EDEB8618-9643-407F-8D9B-CE917ECEBD4F}"
EndProject
Project("{FAE04EC0-301F-11D3-BF4B-00C04F79EFBC}") = "TestProject1", "TestProject1\TestProject1.csproj", "{4337233B-7803-43F0-9DE7-D3BE59568777}"
EndProject
Global
	GlobalSection(SolutionConfigurationPlatforms) = preSolution
		Debug|Any CPU = Debug|Any CPU
		Release|Any CPU = Release|Any CPU
	EndGlobalSection
	GlobalSection(ProjectConfigurationPlatforms) = postSolution
		{EDEB8618-9643-407F-8D9B-CE917ECEBD4F}.Debug|Any CPU.ActiveCfg = Debug|Any CPU
		{EDEB8618-9643-407F-8D9B-CE917ECEBD4F}.Debug|Any CPU.Build.0 = Debug|Any CPU
		{EDEB8618-9643-407F-8D9B-CE917ECEBD4F}.Release|Any CPU.ActiveCfg = Release|Any CPU
		{EDEB8618-9643-407F-8D9B-CE917ECEBD4F}.Release|Any CPU.Build.0 = Release|Any CPU
		{4337233B-7803-43F0-9DE7-D3BE59568777}.Debug|Any CPU.ActiveCfg = Debug|Any CPU
		{4337233B-7803-43F0-9DE7-D3BE59568777}.Debug|Any CPU.Build.0 = Debug|Any CPU
		{4337233B-7803-43F0-9DE7-D3BE59568777}.Release|Any CPU.ActiveCfg = Release|Any CPU
		{4337233B-7803-43F0-9DE7-D3BE59568777}.Release|Any CPU.Build.0 = Release|Any CPU
	EndGlobalSection
	GlobalSection(SolutionProperties) = preSolution
		HideSolutionNode = FALSE
	EndGlobalSection
	GlobalSection(ExtensibilityGlobals) = postSolution
		SolutionGuid = {F77A2CA2-2313-48C5-A77E-412A5E76236F}
	EndGlobalSection
EndGlobal
